{
  "version": 4,
  "terraform_version": "1.12.2",
  "serial": 3,
  "lineage": "24efdae1-a3c8-868d-d4a3-31d8524c97cd",
  "outputs": {},
  "resources": [
    {
      "mode": "managed",
      "type": "local_file",
      "name": "databases",
      "provider": "provider[\"registry.terraform.io/hashicorp/local\"]",
      "instances": [
        {
          "schema_version": 0,
          "attributes": {
            "content": "We love databases!",
            "content_base64": null,
            "content_base64sha256": "mWqUZv+k4vOi6wb4Hpnvf5lL4GDJR9e8CZmD/T/BZek=",
            "content_base64sha512": "e7MaTOpDxsLrzASPAFHSL7ohx4LxZ9aEMIlcoxrfVzQrigE5vwD+q0jljfQqSeTM+fxLKQdWklous4vTX/le7Q==",
            "content_md5": "f152714b3cf7fed7268fb05c2e383c73",
            "content_sha1": "4dc21a228696ac11f7333912f021e6287d9eb4f9",
            "content_sha256": "996a9466ffa4e2f3a2eb06f81e99ef7f994be060c947d7bc099983fd3fc165e9",
            "content_sha512": "7bb31a4cea43c6c2ebcc048f0051d22fba21c782f167d68430895ca31adf57342b8a0139bf00feab48e58df42a49e4ccf9fc4b290756925a2eb38bd35ff95eed",
            "directory_permission": "0777",
            "file_permission": "0777",
            "filename": "databases.txt",
            "id": "4dc21a228696ac11f7333912f021e6287d9eb4f9",
            "sensitive_content": null,
            "source": null
          },
          "sensitive_attributes": [
            [
              {
                "type": "get_attr",
                "value": "sensitive_content"
              }
            ]
          ],
          "identity_schema_version": 0
        }
      ]
    },
    {
      "mode": "managed",
      "type": "local_file",
      "name": "devops",
      "provider": "provider[\"registry.terraform.io/hashicorp/local\"]",
      "instances": [
        {
          "schema_version": 0,
          "attributes": {
            "content": "We love devops!",
            "content_base64": null,
            "content_base64sha256": "5xWzC6HLpRMAsndYjuMJA+wqxdAV1U9v4xof0r6XwEE=",
            "content_base64sha512": "9B04rvobD794cRAK6SndKgw5solhpZdNnl9Op8bi27iCc4jwssm6u1r37lQ76tK4mgfRGwHIZX9p8Cen9DfFXA==",
            "content_md5": "3ec43fd090397bf3cd1192fa34a0ece1",
            "content_sha1": "bf8f9f16e5f0f8e2cdfb9f7aa945a4cec41d5606",
            "content_sha256": "e715b30ba1cba51300b277588ee30903ec2ac5d015d54f6fe31a1fd2be97c041",
            "content_sha512": "f41d38aefa1b0fbf7871100ae929dd2a0c39b28961a5974d9e5f4ea7c6e2dbb8827388f0b2c9babb5af7ee543bead2b89a07d11b01c8657f69f027a7f437c55c",
            "directory_permission": "0777",
            "file_permission": "0777",
            "filename": "devops.txt",
            "id": "bf8f9f16e5f0f8e2cdfb9f7aa945a4cec41d5606",
            "sensitive_content": null,
            "source": null
          },
          "sensitive_attributes": [
            [
              {
                "type": "get_attr",
                "value": "sensitive_content"
              }
            ]
          ],
          "identity_schema_version": 0
        }
      ]
    }
  ],
  "check_results": null
}
