{
  "version": 4,
  "terraform_version": "1.12.2",
  "serial": 4,
  "lineage": "01630a56-4f91-1c51-d35e-fbb03d5262f3",
  "outputs": {},
  "resources": [
    {
      "mode": "managed",
      "type": "local_file",
      "name": "languages",
      "provider": "provider[\"registry.terraform.io/hashicorp/local\"]",
      "instances": [
        {
          "schema_version": 0,
          "attributes": {
            "content": "We love programming!",
            "content_base64": null,
            "content_base64sha256": "7iOTiVJhCcfR33UsMRnVWnGq0IFjYZPzqacNx/iXwjE=",
            "content_base64sha512": "6R+UQNPR3Q0Av2qnvZM0fS9Is0OtBwppU2U0BVVtRGHZa03pjYgmqRdGBVC6Rq3ihIuo12hMTx09+FtEMybvQQ==",
            "content_md5": "9bc71d4ef82d48607da2535e769bc60d",
            "content_sha1": "840e56d27041c8162d392f6456a77f93688b7768",
            "content_sha256": "ee239389526109c7d1df752c3119d55a71aad081636193f3a9a70dc7f897c231",
            "content_sha512": "e91f9440d3d1dd0d00bf6aa7bd93347d2f48b343ad070a6953653405556d4461d96b4de98d8826a917460550ba46ade2848ba8d7684c4f1d3df85b443326ef41",
            "directory_permission": "0777",
            "file_permission": "0700",
            "filename": "languages.txt",
            "id": "840e56d27041c8162d392f6456a77f93688b7768",
            "sensitive_content": null,
            "source": null
          },
          "sensitive_attributes": [
            [
              {
                "type": "get_attr",
                "value": "sensitive_content"
              }
            ]
          ],
          "identity_schema_version": 0
        }
      ]
    }
  ],
  "check_results": null
}
